
Microsoft Visual Studio Solution File, Format Version 12.00
Project("{FAE04EC0-301F-11D3-BF4B-00C04F79EFBC}") = "AzureKeyVaultEmulator", "AzureKeyVaultEmulator\AzureKeyVaultEmulator.csproj", "{ABAEE20D-4E4B-45CF-ABEA-A02263F63615}"
EndProject
Project("{FAE04EC0-301F-11D3-BF4B-00C04F79EFBC}") = "AzureKeyVaultEmulator.AcceptanceTests", "AzureKeyVaultEmulator.AcceptanceTests\AzureKeyVaultEmulator.AcceptanceTests.csproj", "{181CD468-BBCA-424A-97A7-5ACC8331FE5A}"
EndProject
Global
	GlobalSection(SolutionConfigurationPlatforms) = preSolution
		Debug|Any CPU = Debug|Any CPU
		Release|Any CPU = Release|Any CPU
	EndGlobalSection
	GlobalSection(ProjectConfigurationPlatforms) = postSolution
		{ABAEE20D-4E4B-45CF-ABEA-A02263F63615}.Debug|Any CPU.ActiveCfg = Debug|Any CPU
		{ABAEE20D-4E4B-45CF-ABEA-A02263F63615}.Debug|Any CPU.Build.0 = Debug|Any CPU
		{ABAEE20D-4E4B-45CF-ABEA-A02263F63615}.Release|Any CPU.ActiveCfg = Release|Any CPU
		{ABAEE20D-4E4B-45CF-ABEA-A02263F63615}.Release|Any CPU.Build.0 = Release|Any CPU
		{181CD468-BBCA-424A-97A7-5ACC8331FE5A}.Debug|Any CPU.ActiveCfg = Debug|Any CPU
		{181CD468-BBCA-424A-97A7-5ACC8331FE5A}.Debug|Any CPU.Build.0 = Debug|Any CPU
		{181CD468-BBCA-424A-97A7-5ACC8331FE5A}.Release|Any CPU.ActiveCfg = Release|Any CPU
		{181CD468-BBCA-424A-97A7-5ACC8331FE5A}.Release|Any CPU.Build.0 = Release|Any CPU
	EndGlobalSection
EndGlobal
